
Microsoft Visual Studio Solution File, Format Version 12.00
# Visual Studio Version 17
VisualStudioVersion = 17.10.34916.146
MinimumVisualStudioVersion = 10.0.40219.1
Project("{FAE04EC0-301F-11D3-BF4B-00C04F79EFBC}") = "ConsoleApp128", "ConsoleApp128\ConsoleApp128.csproj", "{00F51A8F-3317-4A08-9409-D46C9D4FDC82}"
EndProject
Global
	GlobalSection(SolutionConfigurationPlatforms) = preSolution
		Debug|Any CPU = Debug|Any CPU
		Release|Any CPU = Release|Any CPU
	EndGlobalSection
	GlobalSection(ProjectConfigurationPlatforms) = postSolution
		{00F51A8F-3317-4A08-9409-D46C9D4FDC82}.Debug|Any CPU.ActiveCfg = Debug|Any CPU
		{00F51A8F-3317-4A08-9409-D46C9D4FDC82}.Debug|Any CPU.Build.0 = Debug|Any CPU
		{00F51A8F-3317-4A08-9409-D46C9D4FDC82}.Release|Any CPU.ActiveCfg = Release|Any CPU
		{00F51A8F-3317-4A08-9409-D46C9D4FDC82}.Release|Any CPU.Build.0 = Release|Any CPU
	EndGlobalSection
	GlobalSection(SolutionProperties) = preSolution
		HideSolutionNode = FALSE
	EndGlobalSection
	GlobalSection(ExtensibilityGlobals) = postSolution
		SolutionGuid = {994D85AE-0CFA-4E3C-A08A-B0775D8C6F7D}
	EndGlobalSection
EndGlobal
